PODS:
  - Starscream (4.0.4)
  - SwiftProtobuf (1.21.0)

DEPENDENCIES:
  - Starscream (~> 4.0.0)
  - SwiftProtobuf (~> 1.0)

SPEC REPOS:
  trunk:
    - Starscream
    - SwiftProtobuf

SPEC CHECKSUMS:
  Starscream: 5178aed56b316f13fa3bc55694e583d35dd414d9
  SwiftProtobuf: afced68785854575756db965e9da52bbf3dc45e7

PODFILE CHECKSUM: 735b521efa57efaeaa32f53eb91ba1b54413f798

COCOAPODS: 1.12.0
